
Microsoft Visual Studio Solution File, Format Version 12.00
# Visual Studio Version 17
VisualStudioVersion = 17.3.32825.248
MinimumVisualStudioVersion = 10.0.40219.1
Project("{FAE04EC0-301F-11D3-BF4B-00C04F79EFBC}") = "assignment1", "assignment1.csproj", "{6927E31A-2324-4BB7-A754-DF1B350B3DFA}"
EndProject
Global
	GlobalSection(SolutionConfigurationPlatforms) = preSolution
		Debug|Any CPU = Debug|Any CPU
		Release|Any CPU = Release|Any CPU
	EndGlobalSection
	GlobalSection(ProjectConfigurationPlatforms) = postSolution
		{6927E31A-2324-4BB7-A754-DF1B350B3DFA}.Debug|Any CPU.ActiveCfg = Debug|Any CPU
		{6927E31A-2324-4BB7-A754-DF1B350B3DFA}.Debug|Any CPU.Build.0 = Debug|Any CPU
		{6927E31A-2324-4BB7-A754-DF1B350B3DFA}.Release|Any CPU.ActiveCfg = Release|Any CPU
		{6927E31A-2324-4BB7-A754-DF1B350B3DFA}.Release|Any CPU.Build.0 = Release|Any CPU
	EndGlobalSection
	GlobalSection(SolutionProperties) = preSolution
		HideSolutionNode = FALSE
	EndGlobalSection
	GlobalSection(ExtensibilityGlobals) = postSolution
		SolutionGuid = {EAE0DEA9-5DDC-4BA3-833A-C28C09F5E957}
	EndGlobalSection
EndGlobal
